version = 1
revision = 3
requires-python = ">=3.14"
resolution-markers = [
    "platform_machine == 'x86_64' and sys_platform == 'linux'",
]
supported-markers = [
    "platform_machine == 'x86_64' and sys_platform == 'linux'",
]

[[package]]
name = "nautilus-trader"
version = "2.0.0rc6.dev20260927+18861"
source = { registry = "https://packages.nautechsystems.io/simple" }
wheels = [
    { url = "https://packages.nautechsystems.io/simple/nautilus-trader/nautilus_trader-2.0.0rc6.dev20260927+18861-cp314-cp314-manylinux_2_34_x86_64.whl", hash = "sha256:d511d6d8f02ab3c1cfb09f317057333792fc11056d6c2736afe130d11deb1bb6" },
]

[[package]]
name = "nodeenv"
version = "1.11.0"
source = { registry = "https://pypi.org/simple" }
sdist = { url = "https://files.pythonhosted.org/packages/9a/8e/105de02c1322cfada6d9710d9146ef8026419d433c9d08359a2d35805811/nodeenv-1.11.0.tar.gz", hash = "sha256:3ce8fe5b71d16e8af7039ca65257354100bc772965d6bc549070649e53b1b146", size = 99301, upload-time = "2026-09-26T11:29:21.367Z" }
wheels = [
    { url = "https://files.pythonhosted.org/packages/54/c8/12811c9b48fde162bb72b6f2e78fada9a247a09d7bb5be2050a5d099c77b/nodeenv-1.11.0-py2.py3-none-any.whl", hash = "sha256:edaa16e6c14d7cf395d75d4bbd5a26390f4dc06501a33b4e76282b02cc688a25", size = 34277, upload-time = "2026-09-26T11:29:19.933Z" },
]

[[package]]
name = "nodejs-wheel-binaries"
version = "24.19.0"
source = { registry = "https://pypi.org/simple" }
sdist = { url = "https://files.pythonhosted.org/packages/c0/76/7e97195e14346598565a0de4ca8bdbd5e634b3fb5b1ba590b7b1b89f8a63/nodejs_wheel_binaries-24.19.0.tar.gz", hash = "sha256:db217eef8cab8551667863379b08db4d9067403f6cbbe87481eb40edceb8aa9b", size = 8058, upload-time = "2026-08-19T21:47:19.671Z" }
wheels = [
    { url = "https://files.pythonhosted.org/packages/f4/89/6631d0982353da1bb7bc00bb1988f702822c62b42634f57999ee53b5c337/nodejs_wheel_binaries-24.19.0-py2.py3-none-manylinux_2_28_x86_64.whl", hash = "sha256:4196a947bcc883f2003ab101762d729f3e99b5e86b75bd09151563403e2eceb8", size = 61123607, upload-time = "2026-08-19T21:46:58.117Z" },
    { url = "https://files.pythonhosted.org/packages/18/01/22d97ca72213f66cc386ee638db30c2e62757fdf761c6029074bced83d1c/nodejs_wheel_binaries-24.19.0-py2.py3-none-musllinux_1_2_x86_64.whl", hash = "sha256:28d078b2ced9e2069516e652dc4b1380e7a1a7f2d3934eccd1611586d283ba4c", size = 63250653, upload-time = "2026-08-19T21:47:07.938Z" },
]

[[package]]
name = "pyright"
version = "1.1.414"
source = { registry = "https://pypi.org/simple" }
dependencies = [
    { name = "nodeenv" },
    { name = "typing-extensions" },
]
sdist = { url = "https://files.pythonhosted.org/packages/e1/1b/244c7b710031ada80f27e579ec20d28a2285dfc318fed0339866b1047f12/pyright-1.1.414.tar.gz", hash = "sha256:523c0a97c60da6333234955c277730c9cf4f5bd6d5399e7b7d2b0fc5d3599524", size = 4154638, upload-time = "2026-09-10T12:26:53.181Z" }
wheels = [
    { url = "https://files.pythonhosted.org/packages/d7/ba/18b6e682ead424ad24bcc134339ae5d1b931cd9ae260540592a058a91279/pyright-1.1.414-py3-none-any.whl", hash = "sha256:2a6b4b3298c9eec174c5ed83bd338de6eee82df2992f3e1930e6199d381be36f", size = 6225049, upload-time = "2026-09-10T12:26:51.427Z" },
]

[package.optional-dependencies]
nodejs = [
    { name = "nodejs-wheel-binaries" },
]

[[package]]
name = "sbt2"
version = "0.1.0"
source = { editable = "." }
dependencies = [
    { name = "nautilus-trader" },
]

[package.dev-dependencies]
dev = [
    { name = "pyright", extra = ["nodejs"] },
]

[package.metadata]
requires-dist = [{ name = "nautilus-trader", specifier = "==2.0.0rc6.dev20260927+18861", index = "https://packages.nautechsystems.io/simple" }]

[package.metadata.requires-dev]
dev = [{ name = "pyright", extras = ["nodejs"], specifier = ">=1.1.414" }]

[[package]]
name = "typing-extensions"
version = "4.16.0"
source = { registry = "https://pypi.org/simple" }
sdist = { url = "https://files.pythonhosted.org/packages/f6/cc/6253133b5bb138fc3306cebfbda2c520f545d36b5be2c7255cc528bb45d6/typing_extensions-4.16.0.tar.gz", hash = "sha256:dc983d19a509c94dba722ee6abd33940f7c05a89e243c47e907eb4db6f1a43e5", size = 113555, upload-time = "2026-07-02T08:40:05.92Z" }
wheels = [
    { url = "https://files.pythonhosted.org/packages/49/d3/b8441a820a491ddfc024b0b0cf0393375b75ea13866d9c66727e54c2fc80/typing_extensions-4.16.0-py3-none-any.whl", hash = "sha256:481caa481374e813c1b176ada14e97f1f67a4539ce9cfeb3f350d78d6370c2e8", size = 45571, upload-time = "2026-07-02T08:40:04.659Z" },
]
